
Microsoft Visual Studio Solution File, Format Version 12.00
# Visual Studio Version 16
VisualStudioVersion = 16.0.28714.193
MinimumVisualStudioVersion = 10.0.40219.1
Project("{FAE04EC0-301F-11D3-BF4B-00C04F79EFBC}") = "PuppyCreditUnion", "PuppyCreditUnion\PuppyCreditUnion.csproj", "{3782B554-CC98-4B28-8127-D9190AB11529}"
EndProject
Global
	GlobalSection(SolutionConfigurationPlatforms) = preSolution
		Debug|Any CPU = Debug|Any CPU
		Release|Any CPU = Release|Any CPU
	EndGlobalSection
	GlobalSection(ProjectConfigurationPlatforms) = postSolution
		{3782B554-CC98-4B28-8127-D9190AB11529}.Debug|Any CPU.ActiveCfg = Debug|Any CPU
		{3782B554-CC98-4B28-8127-D9190AB11529}.Debug|Any CPU.Build.0 = Debug|Any CPU
		{3782B554-CC98-4B28-8127-D9190AB11529}.Release|Any CPU.ActiveCfg = Release|Any CPU
		{3782B554-CC98-4B28-8127-D9190AB11529}.Release|Any CPU.Build.0 = Release|Any CPU
	EndGlobalSection
	GlobalSection(SolutionProperties) = preSolution
		HideSolutionNode = FALSE
	EndGlobalSection
	GlobalSection(ExtensibilityGlobals) = postSolution
		SolutionGuid = {52C59E05-0FA5-4F7C-AC2D-04315AE285B2}
	EndGlobalSection
EndGlobal
